// !$*UTF8*$!
{
	archiveVersion = 1;
	classes = {
	};
	objectVersion = 46;
	objects = {

/* Begin PBXBuildFile section */
		3B7A5EC21BE7B497007AB22E /* AppDelegate.swift in Sources */ = {isa = PBXBuildFile; fileRef = 3B7A5EC11BE7B497007AB22E /* AppDelegate.swift */; };
		3B7A5EC71BE7B497007AB22E /* Main.storyboard in Resources */ = {isa = PBXBuildFile; fileRef = 3B7A5EC51BE7B497007AB22E /* Main.storyboard */; };
		3B7A5EC91BE7B497007AB22E /* Assets.xcassets in Resources */ = {isa = PBXBuildFile; fileRef = 3B7A5EC81BE7B497007AB22E /* Assets.xcassets */; };
		3B7A5ECC1BE7B497007AB22E /* LaunchScreen.storyboard in Resources */ = {isa = PBXBuildFile; fileRef = 3B7A5ECA1BE7B497007AB22E /* LaunchScreen.storyboard */; };
		3B7A5EE81BEA4C32007AB22E /* RootViewController.swift in Sources */ = {isa = PBXBuildFile; fileRef = 3B7A5EE71BEA4C32007AB22E /* RootViewController.swift */; };
		3B7A5EEA1BEA4C56007AB22E /* NeedleViewController.swift in Sources */ = {isa = PBXBuildFile; fileRef = 3B7A5EE91BEA4C56007AB22E /* NeedleViewController.swift */; };
		3B7A5EEC1BEA4C63007AB22E /* YarnViewController.swift in Sources */ = {isa = PBXBuildFile; fileRef = 3B7A5EEB1BEA4C63007AB22E /* YarnViewController.swift */; };
		3B7A5EEE1BEA4D83007AB22E /* FunctionalityTableViewController.swift in Sources */ = {isa = PBXBuildFile; fileRef = 3B7A5EED1BEA4D83007AB22E /* FunctionalityTableViewController.swift */; };
		3B7A5EF01BEA5A53007AB22E /* NeedleModel.swift in Sources */ = {isa = PBXBuildFile; fileRef = 3B7A5EEF1BEA5A53007AB22E /* NeedleModel.swift */; };
		3B7A5EF21BEA5A62007AB22E /* YarnModel.swift in Sources */ = {isa = PBXBuildFile; fileRef = 3B7A5EF11BEA5A62007AB22E /* YarnModel.swift */; };
/* End PBXBuildFile section */

/* Begin PBXFileReference section */
		3B7A5EBE1BE7B497007AB22E /* knitPicker.app */ = {isa = PBXFileReference; explicitFileType = wrapper.application; includeInIndex = 0; path = knitPicker.app; sourceTree = BUILT_PRODUCTS_DIR; };
		3B7A5EC11BE7B497007AB22E /* AppDelegate.swift */ = {isa = PBXFileReference; lastKnownFileType = sourcecode.swift; path = AppDelegate.swift; sourceTree = "<group>"; };
		3B7A5EC61BE7B497007AB22E /* Base */ = {isa = PBXFileReference; lastKnownFileType = file.storyboard; name = Base; path = Base.lproj/Main.storyboard; sourceTree = "<group>"; };
		3B7A5EC81BE7B497007AB22E /* Assets.xcassets */ = {isa = PBXFileReference; lastKnownFileType = folder.assetcatalog; path = Assets.xcassets; sourceTree = "<group>"; };
		3B7A5ECB1BE7B497007AB22E /* Base */ = {isa = PBXFileReference; lastKnownFileType = file.storyboard; name = Base; path = Base.lproj/LaunchScreen.storyboard; sourceTree = "<group>"; };
		3B7A5ECD1BE7B497007AB22E /* Info.plist */ = {isa = PBXFileReference; lastKnownFileType = text.plist.xml; path = Info.plist; sourceTree = "<group>"; };
		3B7A5EE71BEA4C32007AB22E /* RootViewController.swift */ = {isa = PBXFileReference; fileEncoding = 4; lastKnownFileType = sourcecode.swift; path = RootViewController.swift; sourceTree = "<group>"; };
		3B7A5EE91BEA4C56007AB22E /* NeedleViewController.swift */ = {isa = PBXFileReference; fileEncoding = 4; lastKnownFileType = sourcecode.swift; path = NeedleViewController.swift; sourceTree = "<group>"; };
		3B7A5EEB1BEA4C63007AB22E /* YarnViewController.swift */ = {isa = PBXFileReference; fileEncoding = 4; lastKnownFileType = sourcecode.swift; path = YarnViewController.swift; sourceTree = "<group>"; };
		3B7A5EED1BEA4D83007AB22E /* FunctionalityTableViewController.swift */ = {isa = PBXFileReference; fileEncoding = 4; lastKnownFileType = sourcecode.swift; path = FunctionalityTableViewController.swift; sourceTree = "<group>"; };
		3B7A5EEF1BEA5A53007AB22E /* NeedleModel.swift */ = {isa = PBXFileReference; fileEncoding = 4; lastKnownFileType = sourcecode.swift; path = NeedleModel.swift; sourceTree = "<group>"; };
		3B7A5EF11BEA5A62007AB22E /* YarnModel.swift */ = {isa = PBXFileReference; fileEncoding = 4; lastKnownFileType = sourcecode.swift; path = YarnModel.swift; sourceTree = "<group>"; };
/* End PBXFileReference section */

/* Begin PBXFrameworksBuildPhase section */
		3B7A5EBB1BE7B497007AB22E /* Frameworks */ = {
			isa = PBXFrameworksBuildPhase;
			buildActionMask = 2147483647;
			files = (
			);
			runOnlyForDeploymentPostprocessing = 0;
		};
/* End PBXFrameworksBuildPhase section */

/* Begin PBXGroup section */
		3B7A5EB51BE7B497007AB22E = {
			isa = PBXGroup;
			children = (
				3B7A5EC01BE7B497007AB22E /* knitPicker */,
				3B7A5EBF1BE7B497007AB22E /* Products */,
			);
			sourceTree = "<group>";
		};
		3B7A5EBF1BE7B497007AB22E /* Products */ = {
			isa = PBXGroup;
			children = (
				3B7A5EBE1BE7B497007AB22E /* knitPicker.app */,
			);
			name = Products;
			sourceTree = "<group>";
		};
		3B7A5EC01BE7B497007AB22E /* knitPicker */ = {
			isa = PBXGroup;
			children = (
				3B7A5EE61BEA4BDF007AB22E /* controller */,
				3B7A5EE51BEA4BD5007AB22E /* view */,
				3B7A5ED31BE7B560007AB22E /* model */,
				3B7A5EC11BE7B497007AB22E /* AppDelegate.swift */,
				3B7A5EC51BE7B497007AB22E /* Main.storyboard */,
				3B7A5EC81BE7B497007AB22E /* Assets.xcassets */,
				3B7A5ECA1BE7B497007AB22E /* LaunchScreen.storyboard */,
				3B7A5ECD1BE7B497007AB22E /* Info.plist */,
			);
			path = knitPicker;
			sourceTree = "<group>";
		};
		3B7A5ED31BE7B560007AB22E /* model */ = {
			isa = PBXGroup;
			children = (
				3B7A5EEF1BEA5A53007AB22E /* NeedleModel.swift */,
				3B7A5EF11BEA5A62007AB22E /* YarnModel.swift */,
			);
			name = model;
			sourceTree = "<group>";
		};
		3B7A5EE51BEA4BD5007AB22E /* view */ = {
			isa = PBXGroup;
			children = (
			);
			name = view;
			sourceTree = "<group>";
		};
		3B7A5EE61BEA4BDF007AB22E /* controller */ = {
			isa = PBXGroup;
			children = (
				3B7A5EE71BEA4C32007AB22E /* RootViewController.swift */,
				3B7A5EE91BEA4C56007AB22E /* NeedleViewController.swift */,
				3B7A5EEB1BEA4C63007AB22E /* YarnViewController.swift */,
				3B7A5EED1BEA4D83007AB22E /* FunctionalityTableViewController.swift */,
			);
			name = controller;
			sourceTree = "<group>";
		};
/* End PBXGroup section */

/* Begin PBXNativeTarget section */
		3B7A5EBD1BE7B497007AB22E /* knitPicker */ = {
			isa = PBXNativeTarget;
			buildConfigurationList = 3B7A5ED01BE7B497007AB22E /* Build configuration list for PBXNativeTarget "knitPicker" */;
			buildPhases = (
				3B7A5EBA1BE7B497007AB22E /* Sources */,
				3B7A5EBB1BE7B497007AB22E /* Frameworks */,
				3B7A5EBC1BE7B497007AB22E /* Resources */,
			);
			buildRules = (
			);
			dependencies = (
			);
			name = knitPicker;
			productName = knitPicker;
			productReference = 3B7A5EBE1BE7B497007AB22E /* knitPicker.app */;
			productType = "com.apple.product-type.application";
		};
/* End PBXNativeTarget section */

/* Begin PBXProject section */
		3B7A5EB61BE7B497007AB22E /* Project object */ = {
			isa = PBXProject;
			attributes = {
				LastSwiftUpdateCheck = 0710;
				LastUpgradeCheck = 0710;
				ORGANIZATIONNAME = Amelia;
				TargetAttributes = {
					3B7A5EBD1BE7B497007AB22E = {
						CreatedOnToolsVersion = 7.1;
					};
				};
			};
			buildConfigurationList = 3B7A5EB91BE7B497007AB22E /* Build configuration list for PBXProject "knitPicker" */;
			compatibilityVersion = "Xcode 3.2";
			developmentRegion = English;
			hasScannedForEncodings = 0;
			knownRegions = (
				en,
				Base,
			);
			mainGroup = 3B7A5EB51BE7B497007AB22E;
			productRefGroup = 3B7A5EBF1BE7B497007AB22E /* Products */;
			projectDirPath = "";
			projectRoot = "";
			targets = (
				3B7A5EBD1BE7B497007AB22E /* knitPicker */,
			);
		};
/* End PBXProject section */

/* Begin PBXResourcesBuildPhase section */
		3B7A5EBC1BE7B497007AB22E /* Resources */ = {
			isa = PBXResourcesBuildPhase;
			buildActionMask = 2147483647;
			files = (
				3B7A5ECC1BE7B497007AB22E /* LaunchScreen.storyboard in Resources */,
				3B7A5EC91BE7B497007AB22E /* Assets.xcassets in Resources */,
				3B7A5EC71BE7B497007AB22E /* Main.storyboard in Resources */,
			);
			runOnlyForDeploymentPostprocessing = 0;
		};
/* End PBXResourcesBuildPhase section */

/* Begin PBXSourcesBuildPhase section */
		3B7A5EBA1BE7B497007AB22E /* Sources */ = {
			isa = PBXSourcesBuildPhase;
			buildActionMask = 2147483647;
			files = (
				3B7A5EF01BEA5A53007AB22E /* NeedleModel.swift in Sources */,
				3B7A5EF21BEA5A62007AB22E /* YarnModel.swift in Sources */,
				3B7A5EEE1BEA4D83007AB22E /* FunctionalityTableViewController.swift in Sources */,
				3B7A5EEC1BEA4C63007AB22E /* YarnViewController.swift in Sources */,
				3B7A5EE81BEA4C32007AB22E /* RootViewController.swift in Sources */,
				3B7A5EC21BE7B497007AB22E /* AppDelegate.swift in Sources */,
				3B7A5EEA1BEA4C56007AB22E /* NeedleViewController.swift in Sources */,
			);
			runOnlyForDeploymentPostprocessing = 0;
		};
/* End PBXSourcesBuildPhase section */

/* Begin PBXVariantGroup section */
		3B7A5EC51BE7B497007AB22E /* Main.storyboard */ = {
			isa = PBXVariantGroup;
			children = (
				3B7A5EC61BE7B497007AB22E /* Base */,
			);
			name = Main.storyboard;
			sourceTree = "<group>";
		};
		3B7A5ECA1BE7B497007AB22E /* LaunchScreen.storyboard */ = {
			isa = PBXVariantGroup;
			children = (
				3B7A5ECB1BE7B497007AB22E /* Base */,
			);
			name = LaunchScreen.storyboard;
			sourceTree = "<group>";
		};
/* End PBXVariantGroup section */

/* Begin XCBuildConfiguration section */
		3B7A5ECE1BE7B497007AB22E /* Debug */ = {
			isa = XCBuildConfiguration;
			buildSettings = {
				ALWAYS_SEARCH_USER_PATHS = NO;
				CLANG_CXX_LANGUAGE_STANDARD = "gnu++0x";
				CLANG_CXX_LIBRARY = "libc++";
				CLANG_ENABLE_MODULES = YES;
				CLANG_ENABLE_OBJC_ARC = YES;
				CLANG_WARN_BOOL_CONVERSION = YES;
				CLANG_WARN_CONSTANT_CONVERSION = YES;
				CLANG_WARN_DIRECT_OBJC_ISA_USAGE = YES_ERROR;
				CLANG_WARN_EMPTY_BODY = YES;
				CLANG_WARN_ENUM_CONVERSION = YES;
				CLANG_WARN_INT_CONVERSION = YES;
				CLANG_WARN_OBJC_ROOT_CLASS = YES_ERROR;
				CLANG_WARN_UNREACHABLE_CODE = YES;
				CLANG_WARN__DUPLICATE_METHOD_MATCH = YES;
				"CODE_SIGN_IDENTITY[sdk=iphoneos*]" = "iPhone Developer";
				COPY_PHASE_STRIP = NO;
				DEBUG_INFORMATION_FORMAT = dwarf;
				ENABLE_STRICT_OBJC_MSGSEND = YES;
				ENABLE_TESTABILITY = YES;
				GCC_C_LANGUAGE_STANDARD = gnu99;
				GCC_DYNAMIC_NO_PIC = NO;
				GCC_NO_COMMON_BLOCKS = YES;
				GCC_OPTIMIZATION_LEVEL = 0;
				GCC_PREPROCESSOR_DEFINITIONS = (
					"DEBUG=1",
					"$(inherited)",
				);
				GCC_WARN_64_TO_32_BIT_CONVERSION = YES;
				GCC_WARN_ABOUT_RETURN_TYPE = YES_ERROR;
				GCC_WARN_UNDECLARED_SELECTOR = YES;
				GCC_WARN_UNINITIALIZED_AUTOS = YES_AGGRESSIVE;
				GCC_WARN_UNUSED_FUNCTION = YES;
				GCC_WARN_UNUSED_VARIABLE = YES;
				IPHONEOS_DEPLOYMENT_TARGET = 9.1;
				MTL_ENABLE_DEBUG_INFO = YES;
				ONLY_ACTIVE_ARCH = YES;
				SDKROOT = iphoneos;
				SWIFT_OPTIMIZATION_LEVEL = "-Onone";
			};
			name = Debug;
		};
		3B7A5ECF1BE7B497007AB22E /* Release */ = {
			isa = XCBuildConfiguration;
			buildSettings = {
				ALWAYS_SEARCH_USER_PATHS = NO;
				CLANG_CXX_LANGUAGE_STANDARD = "gnu++0x";
				CLANG_CXX_LIBRARY = "libc++";
				CLANG_ENABLE_MODULES = YES;
				CLANG_ENABLE_OBJC_ARC = YES;
				CLANG_WARN_BOOL_CONVERSION = YES;
				CLANG_WARN_CONSTANT_CONVERSION = YES;
				CLANG_WARN_DIRECT_OBJC_ISA_USAGE = YES_ERROR;
				CLANG_WARN_EMPTY_BODY = YES;
				CLANG_WARN_ENUM_CONVERSION = YES;
				CLANG_WARN_INT_CONVERSION = YES;
				CLANG_WARN_OBJC_ROOT_CLASS = YES_ERROR;
				CLANG_WARN_UNREACHABLE_CODE = YES;
				CLANG_WARN__DUPLICATE_METHOD_MATCH = YES;
				"CODE_SIGN_IDENTITY[sdk=iphoneos*]" = "iPhone Developer";
				COPY_PHASE_STRIP = NO;
				DEBUG_INFORMATION_FORMAT = "dwarf-with-dsym";
				ENABLE_NS_ASSERTIONS = NO;
				ENABLE_STRICT_OBJC_MSGSEND = YES;
				GCC_C_LANGUAGE_STANDARD = gnu99;
				GCC_NO_COMMON_BLOCKS = YES;
				GCC_WARN_64_TO_32_BIT_CONVERSION = YES;
				GCC_WARN_ABOUT_RETURN_TYPE = YES_ERROR;
				GCC_WARN_UNDECLARED_SELECTOR = YES;
				GCC_WARN_UNINITIALIZED_AUTOS = YES_AGGRESSIVE;
				GCC_WARN_UNUSED_FUNCTION = YES;
				GCC_WARN_UNUSED_VARIABLE = YES;
				IPHONEOS_DEPLOYMENT_TARGET = 9.1;
				MTL_ENABLE_DEBUG_INFO = NO;
				SDKROOT = iphoneos;
				VALIDATE_PRODUCT = YES;
			};
			name = Release;
		};
		3B7A5ED11BE7B497007AB22E /* Debug */ = {
			isa = XCBuildConfiguration;
			buildSettings = {
				ASSETCATALOG_COMPILER_APPICON_NAME = AppIcon;
				INFOPLIST_FILE = knitPicker/Info.plist;
				LD_RUNPATH_SEARCH_PATHS = "$(inherited) @executable_path/Frameworks";
				PRODUCT_BUNDLE_IDENTIFIER = com.Amelia.knitPicker;
				PRODUCT_NAME = "$(TARGET_NAME)";
			};
			name = Debug;
		};
		3B7A5ED21BE7B497007AB22E /* Release */ = {
			isa = XCBuildConfiguration;
			buildSettings = {
				ASSETCATALOG_COMPILER_APPICON_NAME = AppIcon;
				INFOPLIST_FILE = knitPicker/Info.plist;
				LD_RUNPATH_SEARCH_PATHS = "$(inherited) @executable_path/Frameworks";
				PRODUCT_BUNDLE_IDENTIFIER = com.Amelia.knitPicker;
				PRODUCT_NAME = "$(TARGET_NAME)";
			};
			name = Release;
		};
/* End XCBuildConfiguration section */

/* Begin XCConfigurationList section */
		3B7A5EB91BE7B497007AB22E /* Build configuration list for PBXProject "knitPicker" */ = {
			isa = XCConfigurationList;
			buildConfigurations = (
				3B7A5ECE1BE7B497007AB22E /* Debug */,
				3B7A5ECF1BE7B497007AB22E /* Release */,
			);
			defaultConfigurationIsVisible = 0;
			defaultConfigurationName = Release;
		};
		3B7A5ED01BE7B497007AB22E /* Build configuration list for PBXNativeTarget "knitPicker" */ = {
			isa = XCConfigurationList;
			buildConfigurations = (
				3B7A5ED11BE7B497007AB22E /* Debug */,
				3B7A5ED21BE7B497007AB22E /* Release */,
			);
			defaultConfigurationIsVisible = 0;
			defaultConfigurationName = Release;
		};
/* End XCConfigurationList section */
	};
	rootObject = 3B7A5EB61BE7B497007AB22E /* Project object */;
}
